
Microsoft Visual Studio Solution File, Format Version 12.00
# Visual Studio Version 17
VisualStudioVersion = 17.5.002.0
MinimumVisualStudioVersion = 10.0.40219.1
Project("{9A19103F-16F7-4668-BE54-9A1E7A4F7556}") = "Week 5", "Week 5.csproj", "{612B25D0-5B18-404D-8D5A-9EA94BE964A1}"
EndProject
Global
	GlobalSection(SolutionConfigurationPlatforms) = preSolution
		Debug|Any CPU = Debug|Any CPU
		Release|Any CPU = Release|Any CPU
	EndGlobalSection
	GlobalSection(ProjectConfigurationPlatforms) = postSolution
		{612B25D0-5B18-404D-8D5A-9EA94BE964A1}.Debug|Any CPU.ActiveCfg = Debug|Any CPU
		{612B25D0-5B18-404D-8D5A-9EA94BE964A1}.Debug|Any CPU.Build.0 = Debug|Any CPU
		{612B25D0-5B18-404D-8D5A-9EA94BE964A1}.Release|Any CPU.ActiveCfg = Release|Any CPU
		{612B25D0-5B18-404D-8D5A-9EA94BE964A1}.Release|Any CPU.Build.0 = Release|Any CPU
	EndGlobalSection
	GlobalSection(SolutionProperties) = preSolution
		HideSolutionNode = FALSE
	EndGlobalSection
	GlobalSection(ExtensibilityGlobals) = postSolution
		SolutionGuid = {94E6C075-D6BD-45A5-ADA2-A093982E93E5}
	EndGlobalSection
EndGlobal
